
Microsoft Visual Studio Solution File, Format Version 12.00
# Visual Studio 15
VisualStudioVersion = 15.0.27004.2009
MinimumVisualStudioVersion = 10.0.40219.1
Project("{FAE04EC0-301F-11D3-BF4B-00C04F79EFBC}") = "Parks", "Parks\Parks\Parks.csproj", "{5B47F6DA-B9B4-413D-AD67-CBD1B97627FD}"
EndProject
Project("{FAE04EC0-301F-11D3-BF4B-00C04F79EFBC}") = "Parks.Android", "Parks\Parks.Android\Parks.Android.csproj", "{EBE34865-6D7A-461F-AF0E-767549681B1E}"
EndProject
Project("{FAE04EC0-301F-11D3-BF4B-00C04F79EFBC}") = "Parks.iOS", "Parks\Parks.iOS\Parks.iOS.csproj", "{4E6F5D4A-3BF0-4E70-85DF-459052340904}"
EndProject
Project("{FAE04EC0-301F-11D3-BF4B-00C04F79EFBC}") = "Parks.UWP", "Parks\Parks.UWP\Parks.UWP.csproj", "{4E23A86C-8A04-420A-B728-E6A4799339A0}"
EndProject
Global
	GlobalSection(SolutionConfigurationPlatforms) = preSolution
		Debug|Any CPU = Debug|Any CPU
		Debug|ARM = Debug|ARM
		Debug|iPhone = Debug|iPhone
		Debug|iPhoneSimulator = Debug|iPhoneSimulator
		Debug|x64 = Debug|x64
		Debug|x86 = Debug|x86
		Release|Any CPU = Release|Any CPU
		Release|ARM = Release|ARM
		Release|iPhone = Release|iPhone
		Release|iPhoneSimulator = Release|iPhoneSimulator
		Release|x64 = Release|x64
		Release|x86 = Release|x86
	EndGlobalSection
	GlobalSection(ProjectConfigurationPlatforms) = postSolution
		{5B47F6DA-B9B4-413D-AD67-CBD1B97627FD}.Debug|Any CPU.ActiveCfg = Debug|Any CPU
		{5B47F6DA-B9B4-413D-AD67-CBD1B97627FD}.Debug|Any CPU.Build.0 = Debug|Any CPU
		{5B47F6DA-B9B4-413D-AD67-CBD1B97627FD}.Debug|ARM.ActiveCfg = Debug|Any CPU
		{5B47F6DA-B9B4-413D-AD67-CBD1B97627FD}.Debug|ARM.Build.0 = Debug|Any CPU
		{5B47F6DA-B9B4-413D-AD67-CBD1B97627FD}.Debug|iPhone.ActiveCfg = Debug|Any CPU
		{5B47F6DA-B9B4-413D-AD67-CBD1B97627FD}.Debug|iPhone.Build.0 = Debug|Any CPU
		{5B47F6DA-B9B4-413D-AD67-CBD1B97627FD}.Debug|iPhoneSimulator.ActiveCfg = Debug|Any CPU
		{5B47F6DA-B9B4-413D-AD67-CBD1B97627FD}.Debug|iPhoneSimulator.Build.0 = Debug|Any CPU
		{5B47F6DA-B9B4-413D-AD67-CBD1B97627FD}.Debug|x64.ActiveCfg = Debug|Any CPU
		{5B47F6DA-B9B4-413D-AD67-CBD1B97627FD}.Debug|x64.Build.0 = Debug|Any CPU
		{5B47F6DA-B9B4-413D-AD67-CBD1B97627FD}.Debug|x86.ActiveCfg = Debug|Any CPU
		{5B47F6DA-B9B4-413D-AD67-CBD1B97627FD}.Debug|x86.Build.0 = Debug|Any CPU
		{5B47F6DA-B9B4-413D-AD67-CBD1B97627FD}.Release|Any CPU.ActiveCfg = Release|Any CPU
		{5B47F6DA-B9B4-413D-AD67-CBD1B97627FD}.Release|Any CPU.Build.0 = Release|Any CPU
		{5B47F6DA-B9B4-413D-AD67-CBD1B97627FD}.Release|ARM.ActiveCfg = Release|Any CPU
		{5B47F6DA-B9B4-413D-AD67-CBD1B97627FD}.Release|ARM.Build.0 = Release|Any CPU
		{5B47F6DA-B9B4-413D-AD67-CBD1B97627FD}.Release|iPhone.ActiveCfg = Release|Any CPU
		{5B47F6DA-B9B4-413D-AD67-CBD1B97627FD}.Release|iPhone.Build.0 = Release|Any CPU
		{5B47F6DA-B9B4-413D-AD67-CBD1B97627FD}.Release|iPhoneSimulator.ActiveCfg = Release|Any CPU
		{5B47F6DA-B9B4-413D-AD67-CBD1B97627FD}.Release|iPhoneSimulator.Build.0 = Release|Any CPU
		{5B47F6DA-B9B4-413D-AD67-CBD1B97627FD}.Release|x64.ActiveCfg = Release|Any CPU
		{5B47F6DA-B9B4-413D-AD67-CBD1B97627FD}.Release|x64.Build.0 = Release|Any CPU
		{5B47F6DA-B9B4-413D-AD67-CBD1B97627FD}.Release|x86.ActiveCfg = Release|Any CPU
		{5B47F6DA-B9B4-413D-AD67-CBD1B97627FD}.Release|x86.Build.0 = Release|Any CPU
		{EBE34865-6D7A-461F-AF0E-767549681B1E}.Debug|Any CPU.ActiveCfg = Debug|Any CPU
		{EBE34865-6D7A-461F-AF0E-767549681B1E}.Debug|Any CPU.Build.0 = Debug|Any CPU
		{EBE34865-6D7A-461F-AF0E-767549681B1E}.Debug|Any CPU.Deploy.0 = Debug|Any CPU
		{EBE34865-6D7A-461F-AF0E-767549681B1E}.Debug|ARM.ActiveCfg = Debug|Any CPU
		{EBE34865-6D7A-461F-AF0E-767549681B1E}.Debug|ARM.Build.0 = Debug|Any CPU
		{EBE34865-6D7A-461F-AF0E-767549681B1E}.Debug|ARM.Deploy.0 = Debug|Any CPU
		{EBE34865-6D7A-461F-AF0E-767549681B1E}.Debug|iPhone.ActiveCfg = Debug|Any CPU
		{EBE34865-6D7A-461F-AF0E-767549681B1E}.Debug|iPhone.Build.0 = Debug|Any CPU
		{EBE34865-6D7A-461F-AF0E-767549681B1E}.Debug|iPhone.Deploy.0 = Debug|Any CPU
		{EBE34865-6D7A-461F-AF0E-767549681B1E}.Debug|iPhoneSimulator.ActiveCfg = Debug|Any CPU
		{EBE34865-6D7A-461F-AF0E-767549681B1E}.Debug|iPhoneSimulator.Build.0 = Debug|Any CPU
		{EBE34865-6D7A-461F-AF0E-767549681B1E}.Debug|iPhoneSimulator.Deploy.0 = Debug|Any CPU
		{EBE34865-6D7A-461F-AF0E-767549681B1E}.Debug|x64.ActiveCfg = Debug|Any CPU
		{EBE34865-6D7A-461F-AF0E-767549681B1E}.Debug|x64.Build.0 = Debug|Any CPU
		{EBE34865-6D7A-461F-AF0E-767549681B1E}.Debug|x64.Deploy.0 = Debug|Any CPU
		{EBE34865-6D7A-461F-AF0E-767549681B1E}.Debug|x86.ActiveCfg = Debug|Any CPU
		{EBE34865-6D7A-461F-AF0E-767549681B1E}.Debug|x86.Build.0 = Debug|Any CPU
		{EBE34865-6D7A-461F-AF0E-767549681B1E}.Debug|x86.Deploy.0 = Debug|Any CPU
		{EBE34865-6D7A-461F-AF0E-767549681B1E}.Release|Any CPU.ActiveCfg = Release|Any CPU
		{EBE34865-6D7A-461F-AF0E-767549681B1E}.Release|Any CPU.Build.0 = Release|Any CPU
		{EBE34865-6D7A-461F-AF0E-767549681B1E}.Release|Any CPU.Deploy.0 = Release|Any CPU
		{EBE34865-6D7A-461F-AF0E-767549681B1E}.Release|ARM.ActiveCfg = Release|Any CPU
		{EBE34865-6D7A-461F-AF0E-767549681B1E}.Release|ARM.Build.0 = Release|Any CPU
		{EBE34865-6D7A-461F-AF0E-767549681B1E}.Release|ARM.Deploy.0 = Release|Any CPU
		{EBE34865-6D7A-461F-AF0E-767549681B1E}.Release|iPhone.ActiveCfg = Release|Any CPU
		{EBE34865-6D7A-461F-AF0E-767549681B1E}.Release|iPhone.Build.0 = Release|Any CPU
		{EBE34865-6D7A-461F-AF0E-767549681B1E}.Release|iPhone.Deploy.0 = Release|Any CPU
		{EBE34865-6D7A-461F-AF0E-767549681B1E}.Release|iPhoneSimulator.ActiveCfg = Release|Any CPU
		{EBE34865-6D7A-461F-AF0E-767549681B1E}.Release|iPhoneSimulator.Build.0 = Release|Any CPU
		{EBE34865-6D7A-461F-AF0E-767549681B1E}.Release|iPhoneSimulator.Deploy.0 = Release|Any CPU
		{EBE34865-6D7A-461F-AF0E-767549681B1E}.Release|x64.ActiveCfg = Release|Any CPU
		{EBE34865-6D7A-461F-AF0E-767549681B1E}.Release|x64.Build.0 = Release|Any CPU
		{EBE34865-6D7A-461F-AF0E-767549681B1E}.Release|x64.Deploy.0 = Release|Any CPU
		{EBE34865-6D7A-461F-AF0E-767549681B1E}.Release|x86.ActiveCfg = Release|Any CPU
		{EBE34865-6D7A-461F-AF0E-767549681B1E}.Release|x86.Build.0 = Release|Any CPU
		{EBE34865-6D7A-461F-AF0E-767549681B1E}.Release|x86.Deploy.0 = Release|Any CPU
		{4E6F5D4A-3BF0-4E70-85DF-459052340904}.Debug|Any CPU.ActiveCfg = Debug|iPhoneSimulator
		{4E6F5D4A-3BF0-4E70-85DF-459052340904}.Debug|ARM.ActiveCfg = Debug|iPhone
		{4E6F5D4A-3BF0-4E70-85DF-459052340904}.Debug|iPhone.ActiveCfg = Debug|iPhone
		{4E6F5D4A-3BF0-4E70-85DF-459052340904}.Debug|iPhone.Build.0 = Debug|iPhone
		{4E6F5D4A-3BF0-4E70-85DF-459052340904}.Debug|iPhoneSimulator.ActiveCfg = Debug|iPhoneSimulator
		{4E6F5D4A-3BF0-4E70-85DF-459052340904}.Debug|iPhoneSimulator.Build.0 = Debug|iPhoneSimulator
		{4E6F5D4A-3BF0-4E70-85DF-459052340904}.Debug|x64.ActiveCfg = Debug|iPhone
		{4E6F5D4A-3BF0-4E70-85DF-459052340904}.Debug|x86.ActiveCfg = Debug|iPhone
		{4E6F5D4A-3BF0-4E70-85DF-459052340904}.Release|Any CPU.ActiveCfg = Release|iPhoneSimulator
		{4E6F5D4A-3BF0-4E70-85DF-459052340904}.Release|ARM.ActiveCfg = Release|iPhone
		{4E6F5D4A-3BF0-4E70-85DF-459052340904}.Release|iPhone.ActiveCfg = Release|iPhone
		{4E6F5D4A-3BF0-4E70-85DF-459052340904}.Release|iPhone.Build.0 = Release|iPhone
		{4E6F5D4A-3BF0-4E70-85DF-459052340904}.Release|iPhoneSimulator.ActiveCfg = Release|iPhoneSimulator
		{4E6F5D4A-3BF0-4E70-85DF-459052340904}.Release|iPhoneSimulator.Build.0 = Release|iPhoneSimulator
		{4E6F5D4A-3BF0-4E70-85DF-459052340904}.Release|x64.ActiveCfg = Release|iPhone
		{4E6F5D4A-3BF0-4E70-85DF-459052340904}.Release|x86.ActiveCfg = Release|iPhone
		{4E23A86C-8A04-420A-B728-E6A4799339A0}.Debug|Any CPU.ActiveCfg = Debug|x86
		{4E23A86C-8A04-420A-B728-E6A4799339A0}.Debug|ARM.ActiveCfg = Debug|ARM
		{4E23A86C-8A04-420A-B728-E6A4799339A0}.Debug|ARM.Build.0 = Debug|ARM
		{4E23A86C-8A04-420A-B728-E6A4799339A0}.Debug|ARM.Deploy.0 = Debug|ARM
		{4E23A86C-8A04-420A-B728-E6A4799339A0}.Debug|iPhone.ActiveCfg = Debug|x86
		{4E23A86C-8A04-420A-B728-E6A4799339A0}.Debug|iPhoneSimulator.ActiveCfg = Debug|x86
		{4E23A86C-8A04-420A-B728-E6A4799339A0}.Debug|x64.ActiveCfg = Debug|x64
		{4E23A86C-8A04-420A-B728-E6A4799339A0}.Debug|x64.Build.0 = Debug|x64
		{4E23A86C-8A04-420A-B728-E6A4799339A0}.Debug|x64.Deploy.0 = Debug|x64
		{4E23A86C-8A04-420A-B728-E6A4799339A0}.Debug|x86.ActiveCfg = Debug|x86
		{4E23A86C-8A04-420A-B728-E6A4799339A0}.Debug|x86.Build.0 = Debug|x86
		{4E23A86C-8A04-420A-B728-E6A4799339A0}.Debug|x86.Deploy.0 = Debug|x86
		{4E23A86C-8A04-420A-B728-E6A4799339A0}.Release|Any CPU.ActiveCfg = Release|x86
		{4E23A86C-8A04-420A-B728-E6A4799339A0}.Release|ARM.ActiveCfg = Release|ARM
		{4E23A86C-8A04-420A-B728-E6A4799339A0}.Release|ARM.Build.0 = Release|ARM
		{4E23A86C-8A04-420A-B728-E6A4799339A0}.Release|ARM.Deploy.0 = Release|ARM
		{4E23A86C-8A04-420A-B728-E6A4799339A0}.Release|iPhone.ActiveCfg = Release|x86
		{4E23A86C-8A04-420A-B728-E6A4799339A0}.Release|iPhoneSimulator.ActiveCfg = Release|x86
		{4E23A86C-8A04-420A-B728-E6A4799339A0}.Release|x64.ActiveCfg = Release|x64
		{4E23A86C-8A04-420A-B728-E6A4799339A0}.Release|x64.Build.0 = Release|x64
		{4E23A86C-8A04-420A-B728-E6A4799339A0}.Release|x64.Deploy.0 = Release|x64
		{4E23A86C-8A04-420A-B728-E6A4799339A0}.Release|x86.ActiveCfg = Release|x86
		{4E23A86C-8A04-420A-B728-E6A4799339A0}.Release|x86.Build.0 = Release|x86
		{4E23A86C-8A04-420A-B728-E6A4799339A0}.Release|x86.Deploy.0 = Release|x86
	EndGlobalSection
	GlobalSection(SolutionProperties) = preSolution
		HideSolutionNode = FALSE
	EndGlobalSection
	GlobalSection(ExtensibilityGlobals) = postSolution
		SolutionGuid = {EAEEDDBF-F752-4604-A9E1-6C38B002B1A6}
	EndGlobalSection
EndGlobal
